# This file was autogenerated by Stack.
# You should not edit this file by hand.
# For more information, please see the documentation at:
#   https://docs.haskellstack.org/en/stable/lock_files

packages:
- completed:
    hackage: SDL-0.6.7.0@sha256:9d6ba75c0cab575ec38468c8277803983e985f9622437aeca6a53e6a7337a7d5,2045
    pantry-tree:
      size: 1942
      sha256: c533e2572ee2ed4d48f8f0fa60efed32ff5eb5ab618fc8f72fdfa7321d186afc
  original:
    hackage: SDL-0.6.7.0@sha256:9d6ba75c0cab575ec38468c8277803983e985f9622437aeca6a53e6a7337a7d5,2045
- completed:
    hackage: SDL-gfx-0.7.0.0@sha256:0e3270407550e4a67012d42d45a2df373d628d128e176913d1399f33896e0978,1084
    pantry-tree:
      size: 736
      sha256: c4f0b36a7ae2982b3113a4ed257c7aad4a3d21e7c22ba598db2e7296f0cfc53b
  original:
    hackage: SDL-gfx-0.7.0.0@sha256:0e3270407550e4a67012d42d45a2df373d628d128e176913d1399f33896e0978,1084
- completed:
    hackage: SDL-image-0.6.2.0@sha256:49234fd721f63969b461ffd94d73c163d82444c3716ef575b2a725aaac29ade6,1216
    pantry-tree:
      size: 664
      sha256: 6472bca9d375d8ea0ab1ba18b092561395476531c1eba7d5f8f54df8261418ac
  original:
    hackage: SDL-image-0.6.2.0@sha256:49234fd721f63969b461ffd94d73c163d82444c3716ef575b2a725aaac29ade6,1216
- completed:
    hackage: SDL-mixer-0.6.3.0@sha256:6930c085358ed634866fc14b53400220e54e39e3a78710083ce11221630dee73,1589
    pantry-tree:
      size: 1130
      sha256: d242118f08b3ecdd404300bea75c915b4110712e46bb69d759f1f31e1eb751a8
  original:
    hackage: SDL-mixer-0.6.3.0@sha256:6930c085358ed634866fc14b53400220e54e39e3a78710083ce11221630dee73,1589
- completed:
    hackage: SDL-ttf-0.6.3.0@sha256:e599ef3256b489071d0af6eccdc3a139ef09c09f935357a6c23766ed5ca2de45,1462
    pantry-tree:
      size: 1101
      sha256: b26110c85525bbf9f411da7211bdad94d659456d45c6e57854b8447840184455
  original:
    hackage: SDL-ttf-0.6.3.0@sha256:e599ef3256b489071d0af6eccdc3a139ef09c09f935357a6c23766ed5ca2de45,1462
snapshots:
- completed:
    size: 532383
    url: https://raw.githubusercontent.com/commercialhaskell/stackage-snapshots/master/lts/16/10.yaml
    sha256: 469d781ab6d2a4eceed6b31b6e4ec842dcd3cd1d11577972e86902603dce24df
  original: lts-16.10
